[[package]]
name = "bytecount"
version = "0.4.0"
source = "registry+https://github.com/rust-lang/crates.io-index"
dependencies = [
 "packed_simd 0.3.1 (registry+https://github.com/rust-lang/crates.io-index)",
]

[[package]]
name = "cfg-if"
version = "0.1.6"
source = "registry+https://github.com/rust-lang/crates.io-index"

[[package]]
name = "packed_simd"
version = "0.3.1"
source = "registry+https://github.com/rust-lang/crates.io-index"
dependencies = [
 "cfg-if 0.1.6 (registry+https://github.com/rust-lang/crates.io-index)",
]

[[package]]
name = "r"
version = "0.1.0"
dependencies = [
 "bytecount 0.4.0 (registry+https://github.com/rust-lang/crates.io-index)",
]

[metadata]
"checksum bytecount 0.4.0 (registry+https://github.com/rust-lang/crates.io-index)" = "b92204551573580e078dc80017f36a213eb77a0450e4ddd8cfa0f3f2d1f0178f"
"checksum cfg-if 0.1.6 (registry+https://github.com/rust-lang/crates.io-index)" = "082bb9b28e00d3c9d39cc03e64ce4cea0f1bb9b3fde493f0cbc008472d22bdf4"
"checksum packed_simd 0.3.1 (registry+https://github.com/rust-lang/crates.io-index)" = "25d36de864f7218ec5633572a800109bbe5a1cc8d9d95a967f3daf93ea7e6ddc"
