# This file is automatically @generated by Cargo.
# It is not intended for manual editing.
version = 3

[[package]]
name = "bytecount"
version = "0.6.3"
source = "registry+https://github.com/rust-lang/crates.io-index"
checksum = "2c676a478f63e9fa2dd5368a42f28bba0d6c560b775f38583c8bbaa7fcd67c9c"
dependencies = [
 "packed_simd_2",
]

[[package]]
name = "cfg-if"
version = "1.0.0"
source = "registry+https://github.com/rust-lang/crates.io-index"
checksum = "baf1de4339761588bc0619e3cbc0120ee582ebb74b53b4efbf79117bd2da40fd"

[[package]]
name = "libm"
version = "0.1.4"
source = "registry+https://github.com/rust-lang/crates.io-index"
checksum = "7fc7aa29613bd6a620df431842069224d8bc9011086b1db4c0e0cd47fa03ec9a"

[[package]]
name = "packed_simd_2"
version = "0.3.8"
source = "registry+https://github.com/rust-lang/crates.io-index"
checksum = "a1914cd452d8fccd6f9db48147b29fd4ae05bea9dc5d9ad578509f72415de282"
dependencies = [
 "cfg-if",
 "libm",
]

[[package]]
name = "r"
version = "0.1.0"
dependencies = [
 "bytecount",
]
